
Microsoft Visual Studio Solution File, Format Version 12.00
Project("{2150E333-8FDC-42A3-9474-1A3956D46DE8}") = "1. Fundamentals", "1. Fundamentals", "{B0AFDA76-6A33-4CF4-9F00-4E87FCC12B96}"
EndProject
Project("{2150E333-8FDC-42A3-9474-1A3956D46DE8}") = "src", "src", "{E1FE2D92-9480-4ACC-B605-CEC996D04129}"
EndProject
Project("{2150E333-8FDC-42A3-9474-1A3956D46DE8}") = "test", "test", "{F01228D7-C740-41E6-991C-0549BEC2D2DB}"
EndProject
Project("{FAE04EC0-301F-11D3-BF4B-00C04F79EFBC}") = "CalculatorLibrary", "1. Fundamentals\src\CalculatorLibrary\CalculatorLibrary.csproj", "{8D4466DC-C454-4B45-9A32-AA7DE5B2744F}"
EndProject
Project("{FAE04EC0-301F-11D3-BF4B-00C04F79EFBC}") = "CalculatorLibrary.Tests.Unit", "1. Fundamentals\test\CalculatorLibrary.Tests.Unit\CalculatorLibrary.Tests.Unit.csproj", "{8008F44A-2EA4-433E-859C-82A4485A47F0}"
EndProject
Project("{2150E333-8FDC-42A3-9474-1A3956D46DE8}") = "2. Techniques", "2. Techniques", "{DB9E8393-D63F-41A3-A1AF-B52063871AF7}"
EndProject
Project("{2150E333-8FDC-42A3-9474-1A3956D46DE8}") = "src", "src", "{EE7BAEA9-956C-4ED1-B84B-50DDFBBDF7B8}"
EndProject
Project("{2150E333-8FDC-42A3-9474-1A3956D46DE8}") = "test", "test", "{CEC508F4-E4AE-4D97-AB1B-F91E8A341281}"
EndProject
Project("{FAE04EC0-301F-11D3-BF4B-00C04F79EFBC}") = "TestingTechniques", "2. Techniques\src\TestingTechniques\TestingTechniques.csproj", "{574A7B65-C989-4D75-96A3-D08620ABF7CE}"
EndProject
Project("{FAE04EC0-301F-11D3-BF4B-00C04F79EFBC}") = "TestingTechniques.Tests.Unit", "2. Techniques\test\TestingTechniques.Tests.Unit\TestingTechniques.Tests.Unit.csproj", "{8418FF90-4EDA-4121-9885-CD64CBC826AB}"
EndProject
Project("{2150E333-8FDC-42A3-9474-1A3956D46DE8}") = "3. Concepts", "3. Concepts", "{DD7A2ABF-8AD8-4D09-97DE-20BB2C31E388}"
EndProject
Project("{2150E333-8FDC-42A3-9474-1A3956D46DE8}") = "src", "src", "{317EFC89-3C22-4D14-9E99-7800884E79D6}"
EndProject
Project("{2150E333-8FDC-42A3-9474-1A3956D46DE8}") = "test", "test", "{B38E8A47-A9A1-4856-94CE-560092F1414B}"
EndProject
Project("{FAE04EC0-301F-11D3-BF4B-00C04F79EFBC}") = "UnderstandingDependencies.Api", "3. Concepts\src\UnderstandingDependencies.Api\UnderstandingDependencies.Api.csproj", "{408E3ED3-817F-4FF4-A126-DED15868D0AB}"
EndProject
Project("{FAE04EC0-301F-11D3-BF4B-00C04F79EFBC}") = "UnderstandingDependencies.Api.Tests.Unit", "3. Concepts\test\UnderstandingDependencies.Api.Tests.Unit\UnderstandingDependencies.Api.Tests.Unit.csproj", "{D22C74AD-6841-4B45-A741-750C86B9373B}"
EndProject
Project("{2150E333-8FDC-42A3-9474-1A3956D46DE8}") = "4. RealWorld", "4. RealWorld", "{43B6EF57-9043-45DE-945C-FCA1B5D2FA44}"
EndProject
Project("{2150E333-8FDC-42A3-9474-1A3956D46DE8}") = "src", "src", "{DB945F37-FD4D-44D4-9483-4177DC054B1B}"
EndProject
Project("{2150E333-8FDC-42A3-9474-1A3956D46DE8}") = "test", "test", "{372C1B56-6C8E-43D8-A288-40359D54A930}"
EndProject
Project("{FAE04EC0-301F-11D3-BF4B-00C04F79EFBC}") = "Users.Api", "4. RealWorld\src\Users.Api\Users.Api.csproj", "{5FD7D0E1-A37F-47A5-B25C-5134580B9692}"
EndProject
Project("{FAE04EC0-301F-11D3-BF4B-00C04F79EFBC}") = "Users.Api.Tests.Unit", "4. RealWorld\test\Users.Api.Tests.Unit\Users.Api.Tests.Unit.csproj", "{6B0DCA76-EC6D-4D1C-B9B7-625369372AD7}"
EndProject
Project("{2150E333-8FDC-42A3-9474-1A3956D46DE8}") = "5. AdvancedTechniques", "5. AdvancedTechniques", "{E34C05C1-6903-4573-95F2-7054C139C457}"
EndProject
Project("{2150E333-8FDC-42A3-9474-1A3956D46DE8}") = "src", "src", "{43DC6AAF-BAC9-49B6-8BEE-1A3B82721EB8}"
EndProject
Project("{2150E333-8FDC-42A3-9474-1A3956D46DE8}") = "test", "test", "{75F6EED3-26B9-4CF4-8239-28FC8B9B1EB6}"
EndProject
Project("{FAE04EC0-301F-11D3-BF4B-00C04F79EFBC}") = "AdvancedTechniques", "5. AdvancedTechniques\src\AdvancedTechniques\AdvancedTechniques.csproj", "{1F689625-BCC5-4038-B3FF-09CEF5E4A1B0}"
EndProject
Project("{FAE04EC0-301F-11D3-BF4B-00C04F79EFBC}") = "AdvancedTechniques.Tests.Unit", "5. AdvancedTechniques\test\AdvancedTechniques.Tests.Unit\AdvancedTechniques.Tests.Unit.csproj", "{41E7C17A-F9FF-4452-9AAC-80D685A7F422}"
EndProject
Global
	GlobalSection(SolutionConfigurationPlatforms) = preSolution
		Debug|Any CPU = Debug|Any CPU
		Release|Any CPU = Release|Any CPU
	EndGlobalSection
	GlobalSection(NestedProjects) = preSolution
		{E1FE2D92-9480-4ACC-B605-CEC996D04129} = {B0AFDA76-6A33-4CF4-9F00-4E87FCC12B96}
		{F01228D7-C740-41E6-991C-0549BEC2D2DB} = {B0AFDA76-6A33-4CF4-9F00-4E87FCC12B96}
		{8D4466DC-C454-4B45-9A32-AA7DE5B2744F} = {E1FE2D92-9480-4ACC-B605-CEC996D04129}
		{8008F44A-2EA4-433E-859C-82A4485A47F0} = {F01228D7-C740-41E6-991C-0549BEC2D2DB}
		{EE7BAEA9-956C-4ED1-B84B-50DDFBBDF7B8} = {DB9E8393-D63F-41A3-A1AF-B52063871AF7}
		{CEC508F4-E4AE-4D97-AB1B-F91E8A341281} = {DB9E8393-D63F-41A3-A1AF-B52063871AF7}
		{574A7B65-C989-4D75-96A3-D08620ABF7CE} = {EE7BAEA9-956C-4ED1-B84B-50DDFBBDF7B8}
		{8418FF90-4EDA-4121-9885-CD64CBC826AB} = {CEC508F4-E4AE-4D97-AB1B-F91E8A341281}
		{317EFC89-3C22-4D14-9E99-7800884E79D6} = {DD7A2ABF-8AD8-4D09-97DE-20BB2C31E388}
		{B38E8A47-A9A1-4856-94CE-560092F1414B} = {DD7A2ABF-8AD8-4D09-97DE-20BB2C31E388}
		{408E3ED3-817F-4FF4-A126-DED15868D0AB} = {317EFC89-3C22-4D14-9E99-7800884E79D6}
		{D22C74AD-6841-4B45-A741-750C86B9373B} = {B38E8A47-A9A1-4856-94CE-560092F1414B}
		{DB945F37-FD4D-44D4-9483-4177DC054B1B} = {43B6EF57-9043-45DE-945C-FCA1B5D2FA44}
		{372C1B56-6C8E-43D8-A288-40359D54A930} = {43B6EF57-9043-45DE-945C-FCA1B5D2FA44}
		{5FD7D0E1-A37F-47A5-B25C-5134580B9692} = {DB945F37-FD4D-44D4-9483-4177DC054B1B}
		{6B0DCA76-EC6D-4D1C-B9B7-625369372AD7} = {372C1B56-6C8E-43D8-A288-40359D54A930}
		{43DC6AAF-BAC9-49B6-8BEE-1A3B82721EB8} = {E34C05C1-6903-4573-95F2-7054C139C457}
		{75F6EED3-26B9-4CF4-8239-28FC8B9B1EB6} = {E34C05C1-6903-4573-95F2-7054C139C457}
		{1F689625-BCC5-4038-B3FF-09CEF5E4A1B0} = {43DC6AAF-BAC9-49B6-8BEE-1A3B82721EB8}
		{41E7C17A-F9FF-4452-9AAC-80D685A7F422} = {75F6EED3-26B9-4CF4-8239-28FC8B9B1EB6}
	EndGlobalSection
	GlobalSection(ProjectConfigurationPlatforms) = postSolution
		{8D4466DC-C454-4B45-9A32-AA7DE5B2744F}.Debug|Any CPU.ActiveCfg = Debug|Any CPU
		{8D4466DC-C454-4B45-9A32-AA7DE5B2744F}.Debug|Any CPU.Build.0 = Debug|Any CPU
		{8D4466DC-C454-4B45-9A32-AA7DE5B2744F}.Release|Any CPU.ActiveCfg = Release|Any CPU
		{8D4466DC-C454-4B45-9A32-AA7DE5B2744F}.Release|Any CPU.Build.0 = Release|Any CPU
		{8008F44A-2EA4-433E-859C-82A4485A47F0}.Debug|Any CPU.ActiveCfg = Debug|Any CPU
		{8008F44A-2EA4-433E-859C-82A4485A47F0}.Debug|Any CPU.Build.0 = Debug|Any CPU
		{8008F44A-2EA4-433E-859C-82A4485A47F0}.Release|Any CPU.ActiveCfg = Release|Any CPU
		{8008F44A-2EA4-433E-859C-82A4485A47F0}.Release|Any CPU.Build.0 = Release|Any CPU
		{574A7B65-C989-4D75-96A3-D08620ABF7CE}.Debug|Any CPU.ActiveCfg = Debug|Any CPU
		{574A7B65-C989-4D75-96A3-D08620ABF7CE}.Debug|Any CPU.Build.0 = Debug|Any CPU
		{574A7B65-C989-4D75-96A3-D08620ABF7CE}.Release|Any CPU.ActiveCfg = Release|Any CPU
		{574A7B65-C989-4D75-96A3-D08620ABF7CE}.Release|Any CPU.Build.0 = Release|Any CPU
		{8418FF90-4EDA-4121-9885-CD64CBC826AB}.Debug|Any CPU.ActiveCfg = Debug|Any CPU
		{8418FF90-4EDA-4121-9885-CD64CBC826AB}.Debug|Any CPU.Build.0 = Debug|Any CPU
		{8418FF90-4EDA-4121-9885-CD64CBC826AB}.Release|Any CPU.ActiveCfg = Release|Any CPU
		{8418FF90-4EDA-4121-9885-CD64CBC826AB}.Release|Any CPU.Build.0 = Release|Any CPU
		{408E3ED3-817F-4FF4-A126-DED15868D0AB}.Debug|Any CPU.ActiveCfg = Debug|Any CPU
		{408E3ED3-817F-4FF4-A126-DED15868D0AB}.Debug|Any CPU.Build.0 = Debug|Any CPU
		{408E3ED3-817F-4FF4-A126-DED15868D0AB}.Release|Any CPU.ActiveCfg = Release|Any CPU
		{408E3ED3-817F-4FF4-A126-DED15868D0AB}.Release|Any CPU.Build.0 = Release|Any CPU
		{D22C74AD-6841-4B45-A741-750C86B9373B}.Debug|Any CPU.ActiveCfg = Debug|Any CPU
		{D22C74AD-6841-4B45-A741-750C86B9373B}.Debug|Any CPU.Build.0 = Debug|Any CPU
		{D22C74AD-6841-4B45-A741-750C86B9373B}.Release|Any CPU.ActiveCfg = Release|Any CPU
		{D22C74AD-6841-4B45-A741-750C86B9373B}.Release|Any CPU.Build.0 = Release|Any CPU
		{5FD7D0E1-A37F-47A5-B25C-5134580B9692}.Debug|Any CPU.ActiveCfg = Debug|Any CPU
		{5FD7D0E1-A37F-47A5-B25C-5134580B9692}.Debug|Any CPU.Build.0 = Debug|Any CPU
		{5FD7D0E1-A37F-47A5-B25C-5134580B9692}.Release|Any CPU.ActiveCfg = Release|Any CPU
		{5FD7D0E1-A37F-47A5-B25C-5134580B9692}.Release|Any CPU.Build.0 = Release|Any CPU
		{6B0DCA76-EC6D-4D1C-B9B7-625369372AD7}.Debug|Any CPU.ActiveCfg = Debug|Any CPU
		{6B0DCA76-EC6D-4D1C-B9B7-625369372AD7}.Debug|Any CPU.Build.0 = Debug|Any CPU
		{6B0DCA76-EC6D-4D1C-B9B7-625369372AD7}.Release|Any CPU.ActiveCfg = Release|Any CPU
		{6B0DCA76-EC6D-4D1C-B9B7-625369372AD7}.Release|Any CPU.Build.0 = Release|Any CPU
		{1F689625-BCC5-4038-B3FF-09CEF5E4A1B0}.Debug|Any CPU.ActiveCfg = Debug|Any CPU
		{1F689625-BCC5-4038-B3FF-09CEF5E4A1B0}.Debug|Any CPU.Build.0 = Debug|Any CPU
		{1F689625-BCC5-4038-B3FF-09CEF5E4A1B0}.Release|Any CPU.ActiveCfg = Release|Any CPU
		{1F689625-BCC5-4038-B3FF-09CEF5E4A1B0}.Release|Any CPU.Build.0 = Release|Any CPU
		{41E7C17A-F9FF-4452-9AAC-80D685A7F422}.Debug|Any CPU.ActiveCfg = Debug|Any CPU
		{41E7C17A-F9FF-4452-9AAC-80D685A7F422}.Debug|Any CPU.Build.0 = Debug|Any CPU
		{41E7C17A-F9FF-4452-9AAC-80D685A7F422}.Release|Any CPU.ActiveCfg = Release|Any CPU
		{41E7C17A-F9FF-4452-9AAC-80D685A7F422}.Release|Any CPU.Build.0 = Release|Any CPU
	EndGlobalSection
EndGlobal
